// !$*UTF8*$!
{
	archiveVersion = 1;
	classes = {
	};
	objectVersion = 50;
	objects = {

/* Begin PBXBuildFile section */
		6976076724E45089002171F4 /* DFSAndPruing.swift in Sources */ = {isa = PBXBuildFile; fileRef = 6976076624E45089002171F4 /* DFSAndPruing.swift */; };
		69949502259E123800396BDE /* GreedyMethod.swift in Sources */ = {isa = PBXBuildFile; fileRef = 69949501259E123800396BDE /* GreedyMethod.swift */; };
		8233346123E7068F0050B80B /* AboutArray.swift in Sources */ = {isa = PBXBuildFile; fileRef = 8233346023E7068F0050B80B /* AboutArray.swift */; };
		828628022341797A005CCF7E /* main.swift in Sources */ = {isa = PBXBuildFile; fileRef = 828628012341797A005CCF7E /* main.swift */; };
		8286280923419A16005CCF7E /* ABoutString.swift in Sources */ = {isa = PBXBuildFile; fileRef = 8286280823419A16005CCF7E /* ABoutString.swift */; };
		828CE5472354D1C5004E95AE /* GraphAlg.swift in Sources */ = {isa = PBXBuildFile; fileRef = 828CE5462354D1C5004E95AE /* GraphAlg.swift */; };
		82A0BE8423F99E4900A56B6F /* DataStructureDesign.swift in Sources */ = {isa = PBXBuildFile; fileRef = 82A0BE8323F99E4900A56B6F /* DataStructureDesign.swift */; };
		82B83EE92406D7B000C707F0 /* BinaryTreeBase.swift in Sources */ = {isa = PBXBuildFile; fileRef = 82B83EE82406D7B000C707F0 /* BinaryTreeBase.swift */; };
		82BADEC5234773D70070DB85 /* DynamicProgramming.swift in Sources */ = {isa = PBXBuildFile; fileRef = 82BADEC4234773D70070DB85 /* DynamicProgramming.swift */; };
		82DF39F42492954900C621EC /* DFSClass.swift in Sources */ = {isa = PBXBuildFile; fileRef = 82DF39F32492954900C621EC /* DFSClass.swift */; };
		82DF39F62492956A00C621EC /* MonotonicStack.swift in Sources */ = {isa = PBXBuildFile; fileRef = 82DF39F52492956A00C621EC /* MonotonicStack.swift */; };
/* End PBXBuildFile section */

/* Begin PBXCopyFilesBuildPhase section */
		828627FC2341797A005CCF7E /* CopyFiles */ = {
			isa = PBXCopyFilesBuildPhase;
			buildActionMask = 2147483647;
			dstPath = /usr/share/man/man1/;
			dstSubfolderSpec = 0;
			files = (
			);
			runOnlyForDeploymentPostprocessing = 1;
		};
/* End PBXCopyFilesBuildPhase section */

/* Begin PBXFileReference section */
		6976076624E45089002171F4 /* DFSAndPruing.swift */ = {isa = PBXFileReference; lastKnownFileType = sourcecode.swift; path = DFSAndPruing.swift; sourceTree = "<group>"; };
		698EEA7D2552CA5600985F2E /* SortLearn.m */ = {isa = PBXFileReference; fileEncoding = 4; lastKnownFileType = sourcecode.c.objc; path = SortLearn.m; sourceTree = "<group>"; };
		698EEA7E2552CA5600985F2E /* BinaryTreeDeepth.c */ = {isa = PBXFileReference; fileEncoding = 4; lastKnownFileType = sourcecode.c.c; path = BinaryTreeDeepth.c; sourceTree = "<group>"; };
		698EEA7F2552CA5600985F2E /* BinaryTreeLowestCommonAncestor.cpp */ = {isa = PBXFileReference; fileEncoding = 4; lastKnownFileType = sourcecode.cpp.cpp; path = BinaryTreeLowestCommonAncestor.cpp; sourceTree = "<group>"; };
		698EEA802552CA5600985F2E /* BinaryTreeToDoubleList.cpp */ = {isa = PBXFileReference; fileEncoding = 4; lastKnownFileType = sourcecode.cpp.cpp; path = BinaryTreeToDoubleList.cpp; sourceTree = "<group>"; };
		698EEA812552CA5600985F2E /* SortLearn.h */ = {isa = PBXFileReference; fileEncoding = 4; lastKnownFileType = sourcecode.c.h; path = SortLearn.h; sourceTree = "<group>"; };
		698EEA822552CA5600985F2E /* DFS.c */ = {isa = PBXFileReference; fileEncoding = 4; lastKnownFileType = sourcecode.c.c; path = DFS.c; sourceTree = "<group>"; };
		698EEA832552CA5600985F2E /* Objc_msgSend.s */ = {isa = PBXFileReference; fileEncoding = 4; lastKnownFileType = sourcecode.asm; path = Objc_msgSend.s; sourceTree = "<group>"; };
		69949501259E123800396BDE /* GreedyMethod.swift */ = {isa = PBXFileReference; lastKnownFileType = sourcecode.swift; path = GreedyMethod.swift; sourceTree = "<group>"; };
		8233346023E7068F0050B80B /* AboutArray.swift */ = {isa = PBXFileReference; lastKnownFileType = sourcecode.swift; path = AboutArray.swift; sourceTree = "<group>"; };
		828627FE2341797A005CCF7E /* LeetCodeComment */ = {isa = PBXFileReference; explicitFileType = "compiled.mach-o.executable"; includeInIndex = 0; path = LeetCodeComment; sourceTree = BUILT_PRODUCTS_DIR; };
		828628012341797A005CCF7E /* main.swift */ = {isa = PBXFileReference; lastKnownFileType = sourcecode.swift; path = main.swift; sourceTree = "<group>"; };
		8286280823419A16005CCF7E /* ABoutString.swift */ = {isa = PBXFileReference; lastKnownFileType = sourcecode.swift; path = ABoutString.swift; sourceTree = "<group>"; };
		828CE5462354D1C5004E95AE /* GraphAlg.swift */ = {isa = PBXFileReference; lastKnownFileType = sourcecode.swift; path = GraphAlg.swift; sourceTree = "<group>"; };
		82A0BE8323F99E4900A56B6F /* DataStructureDesign.swift */ = {isa = PBXFileReference; lastKnownFileType = sourcecode.swift; path = DataStructureDesign.swift; sourceTree = "<group>"; };
		82B83EE82406D7B000C707F0 /* BinaryTreeBase.swift */ = {isa = PBXFileReference; lastKnownFileType = sourcecode.swift; path = BinaryTreeBase.swift; sourceTree = "<group>"; };
		82BADEC4234773D70070DB85 /* DynamicProgramming.swift */ = {isa = PBXFileReference; lastKnownFileType = sourcecode.swift; path = DynamicProgramming.swift; sourceTree = "<group>"; };
		82DF39F32492954900C621EC /* DFSClass.swift */ = {isa = PBXFileReference; fileEncoding = 4; lastKnownFileType = sourcecode.swift; path = DFSClass.swift; sourceTree = "<group>"; };
		82DF39F52492956A00C621EC /* MonotonicStack.swift */ = {isa = PBXFileReference; lastKnownFileType = sourcecode.swift; path = MonotonicStack.swift; sourceTree = "<group>"; };
/* End PBXFileReference section */

/* Begin PBXFrameworksBuildPhase section */
		828627FB2341797A005CCF7E /* Frameworks */ = {
			isa = PBXFrameworksBuildPhase;
			buildActionMask = 2147483647;
			files = (
			);
			runOnlyForDeploymentPostprocessing = 0;
		};
/* End PBXFrameworksBuildPhase section */

/* Begin PBXGroup section */
		698EEA7C2552CA5600985F2E /* OtherSource */ = {
			isa = PBXGroup;
			children = (
				698EEA7D2552CA5600985F2E /* SortLearn.m */,
				698EEA7E2552CA5600985F2E /* BinaryTreeDeepth.c */,
				698EEA7F2552CA5600985F2E /* BinaryTreeLowestCommonAncestor.cpp */,
				698EEA802552CA5600985F2E /* BinaryTreeToDoubleList.cpp */,
				698EEA812552CA5600985F2E /* SortLearn.h */,
				698EEA822552CA5600985F2E /* DFS.c */,
				698EEA832552CA5600985F2E /* Objc_msgSend.s */,
			);
			path = OtherSource;
			sourceTree = "<group>";
		};
		828627F52341797A005CCF7E = {
			isa = PBXGroup;
			children = (
				828628002341797A005CCF7E /* LeetCodeComment */,
				698EEA7C2552CA5600985F2E /* OtherSource */,
				828627FF2341797A005CCF7E /* Products */,
			);
			sourceTree = "<group>";
		};
		828627FF2341797A005CCF7E /* Products */ = {
			isa = PBXGroup;
			children = (
				828627FE2341797A005CCF7E /* LeetCodeComment */,
			);
			name = Products;
			sourceTree = "<group>";
		};
		828628002341797A005CCF7E /* LeetCodeComment */ = {
			isa = PBXGroup;
			children = (
				828628012341797A005CCF7E /* main.swift */,
				82BADEC4234773D70070DB85 /* DynamicProgramming.swift */,
				8286280823419A16005CCF7E /* ABoutString.swift */,
				828CE5462354D1C5004E95AE /* GraphAlg.swift */,
				8233346023E7068F0050B80B /* AboutArray.swift */,
				82A0BE8323F99E4900A56B6F /* DataStructureDesign.swift */,
				82B83EE82406D7B000C707F0 /* BinaryTreeBase.swift */,
				82DF39F32492954900C621EC /* DFSClass.swift */,
				82DF39F52492956A00C621EC /* MonotonicStack.swift */,
				6976076624E45089002171F4 /* DFSAndPruing.swift */,
				69949501259E123800396BDE /* GreedyMethod.swift */,
			);
			path = LeetCodeComment;
			sourceTree = "<group>";
		};
/* End PBXGroup section */

/* Begin PBXNativeTarget section */
		828627FD2341797A005CCF7E /* LeetCodeComment */ = {
			isa = PBXNativeTarget;
			buildConfigurationList = 828628052341797A005CCF7E /* Build configuration list for PBXNativeTarget "LeetCodeComment" */;
			buildPhases = (
				828627FA2341797A005CCF7E /* Sources */,
				828627FB2341797A005CCF7E /* Frameworks */,
				828627FC2341797A005CCF7E /* CopyFiles */,
			);
			buildRules = (
			);
			dependencies = (
			);
			name = LeetCodeComment;
			productName = LeetCodeComment;
			productReference = 828627FE2341797A005CCF7E /* LeetCodeComment */;
			productType = "com.apple.product-type.tool";
		};
/* End PBXNativeTarget section */

/* Begin PBXProject section */
		828627F62341797A005CCF7E /* Project object */ = {
			isa = PBXProject;
			attributes = {
				LastSwiftUpdateCheck = 1100;
				LastUpgradeCheck = 1100;
				ORGANIZATIONNAME = "jasperye(叶宇轩)";
				TargetAttributes = {
					828627FD2341797A005CCF7E = {
						CreatedOnToolsVersion = 11.0;
					};
				};
			};
			buildConfigurationList = 828627F92341797A005CCF7E /* Build configuration list for PBXProject "LeetCodeComment" */;
			compatibilityVersion = "Xcode 9.3";
			developmentRegion = en;
			hasScannedForEncodings = 0;
			knownRegions = (
				en,
				Base,
			);
			mainGroup = 828627F52341797A005CCF7E;
			productRefGroup = 828627FF2341797A005CCF7E /* Products */;
			projectDirPath = "";
			projectRoot = "";
			targets = (
				828627FD2341797A005CCF7E /* LeetCodeComment */,
			);
		};
/* End PBXProject section */

/* Begin PBXSourcesBuildPhase section */
		828627FA2341797A005CCF7E /* Sources */ = {
			isa = PBXSourcesBuildPhase;
			buildActionMask = 2147483647;
			files = (
				69949502259E123800396BDE /* GreedyMethod.swift in Sources */,
				8233346123E7068F0050B80B /* AboutArray.swift in Sources */,
				8286280923419A16005CCF7E /* ABoutString.swift in Sources */,
				82DF39F62492956A00C621EC /* MonotonicStack.swift in Sources */,
				6976076724E45089002171F4 /* DFSAndPruing.swift in Sources */,
				82B83EE92406D7B000C707F0 /* BinaryTreeBase.swift in Sources */,
				82BADEC5234773D70070DB85 /* DynamicProgramming.swift in Sources */,
				82DF39F42492954900C621EC /* DFSClass.swift in Sources */,
				82A0BE8423F99E4900A56B6F /* DataStructureDesign.swift in Sources */,
				828628022341797A005CCF7E /* main.swift in Sources */,
				828CE5472354D1C5004E95AE /* GraphAlg.swift in Sources */,
			);
			runOnlyForDeploymentPostprocessing = 0;
		};
/* End PBXSourcesBuildPhase section */

/* Begin XCBuildConfiguration section */
		828628032341797A005CCF7E /* Debug */ = {
			isa = XCBuildConfiguration;
			buildSettings = {
				ALWAYS_SEARCH_USER_PATHS = NO;
				CLANG_ANALYZER_NONNULL = YES;
				CLANG_ANALYZER_NUMBER_OBJECT_CONVERSION = YES_AGGRESSIVE;
				CLANG_CXX_LANGUAGE_STANDARD = "gnu++14";
				CLANG_CXX_LIBRARY = "libc++";
				CLANG_ENABLE_MODULES = YES;
				CLANG_ENABLE_OBJC_ARC = YES;
				CLANG_ENABLE_OBJC_WEAK = YES;
				CLANG_WARN_BLOCK_CAPTURE_AUTORELEASING = YES;
				CLANG_WARN_BOOL_CONVERSION = YES;
				CLANG_WARN_COMMA = YES;
				CLANG_WARN_CONSTANT_CONVERSION = YES;
				CLANG_WARN_DEPRECATED_OBJC_IMPLEMENTATIONS = YES;
				CLANG_WARN_DIRECT_OBJC_ISA_USAGE = YES_ERROR;
				CLANG_WARN_DOCUMENTATION_COMMENTS = YES;
				CLANG_WARN_EMPTY_BODY = YES;
				CLANG_WARN_ENUM_CONVERSION = YES;
				CLANG_WARN_INFINITE_RECURSION = YES;
				CLANG_WARN_INT_CONVERSION = YES;
				CLANG_WARN_NON_LITERAL_NULL_CONVERSION = YES;
				CLANG_WARN_OBJC_IMPLICIT_RETAIN_SELF = YES;
				CLANG_WARN_OBJC_LITERAL_CONVERSION = YES;
				CLANG_WARN_OBJC_ROOT_CLASS = YES_ERROR;
				CLANG_WARN_RANGE_LOOP_ANALYSIS = YES;
				CLANG_WARN_STRICT_PROTOTYPES = YES;
				CLANG_WARN_SUSPICIOUS_MOVE = YES;
				CLANG_WARN_UNGUARDED_AVAILABILITY = YES_AGGRESSIVE;
				CLANG_WARN_UNREACHABLE_CODE = YES;
				CLANG_WARN__DUPLICATE_METHOD_MATCH = YES;
				COPY_PHASE_STRIP = NO;
				DEBUG_INFORMATION_FORMAT = dwarf;
				ENABLE_STRICT_OBJC_MSGSEND = YES;
				ENABLE_TESTABILITY = YES;
				GCC_C_LANGUAGE_STANDARD = gnu11;
				GCC_DYNAMIC_NO_PIC = NO;
				GCC_NO_COMMON_BLOCKS = YES;
				GCC_OPTIMIZATION_LEVEL = 0;
				GCC_PREPROCESSOR_DEFINITIONS = (
					"DEBUG=1",
					"$(inherited)",
				);
				GCC_WARN_64_TO_32_BIT_CONVERSION = YES;
				GCC_WARN_ABOUT_RETURN_TYPE = YES_ERROR;
				GCC_WARN_UNDECLARED_SELECTOR = YES;
				GCC_WARN_UNINITIALIZED_AUTOS = YES_AGGRESSIVE;
				GCC_WARN_UNUSED_FUNCTION = YES;
				GCC_WARN_UNUSED_VARIABLE = YES;
				MACOSX_DEPLOYMENT_TARGET = 10.14;
				MTL_ENABLE_DEBUG_INFO = INCLUDE_SOURCE;
				MTL_FAST_MATH = YES;
				ONLY_ACTIVE_ARCH = YES;
				SDKROOT = macosx;
				SWIFT_ACTIVE_COMPILATION_CONDITIONS = DEBUG;
				SWIFT_OPTIMIZATION_LEVEL = "-Onone";
			};
			name = Debug;
		};
		828628042341797A005CCF7E /* Release */ = {
			isa = XCBuildConfiguration;
			buildSettings = {
				ALWAYS_SEARCH_USER_PATHS = NO;
				CLANG_ANALYZER_NONNULL = YES;
				CLANG_ANALYZER_NUMBER_OBJECT_CONVERSION = YES_AGGRESSIVE;
				CLANG_CXX_LANGUAGE_STANDARD = "gnu++14";
				CLANG_CXX_LIBRARY = "libc++";
				CLANG_ENABLE_MODULES = YES;
				CLANG_ENABLE_OBJC_ARC = YES;
				CLANG_ENABLE_OBJC_WEAK = YES;
				CLANG_WARN_BLOCK_CAPTURE_AUTORELEASING = YES;
				CLANG_WARN_BOOL_CONVERSION = YES;
				CLANG_WARN_COMMA = YES;
				CLANG_WARN_CONSTANT_CONVERSION = YES;
				CLANG_WARN_DEPRECATED_OBJC_IMPLEMENTATIONS = YES;
				CLANG_WARN_DIRECT_OBJC_ISA_USAGE = YES_ERROR;
				CLANG_WARN_DOCUMENTATION_COMMENTS = YES;
				CLANG_WARN_EMPTY_BODY = YES;
				CLANG_WARN_ENUM_CONVERSION = YES;
				CLANG_WARN_INFINITE_RECURSION = YES;
				CLANG_WARN_INT_CONVERSION = YES;
				CLANG_WARN_NON_LITERAL_NULL_CONVERSION = YES;
				CLANG_WARN_OBJC_IMPLICIT_RETAIN_SELF = YES;
				CLANG_WARN_OBJC_LITERAL_CONVERSION = YES;
				CLANG_WARN_OBJC_ROOT_CLASS = YES_ERROR;
				CLANG_WARN_RANGE_LOOP_ANALYSIS = YES;
				CLANG_WARN_STRICT_PROTOTYPES = YES;
				CLANG_WARN_SUSPICIOUS_MOVE = YES;
				CLANG_WARN_UNGUARDED_AVAILABILITY = YES_AGGRESSIVE;
				CLANG_WARN_UNREACHABLE_CODE = YES;
				CLANG_WARN__DUPLICATE_METHOD_MATCH = YES;
				COPY_PHASE_STRIP = NO;
				DEBUG_INFORMATION_FORMAT = "dwarf-with-dsym";
				ENABLE_NS_ASSERTIONS = NO;
				ENABLE_STRICT_OBJC_MSGSEND = YES;
				GCC_C_LANGUAGE_STANDARD = gnu11;
				GCC_NO_COMMON_BLOCKS = YES;
				GCC_WARN_64_TO_32_BIT_CONVERSION = YES;
				GCC_WARN_ABOUT_RETURN_TYPE = YES_ERROR;
				GCC_WARN_UNDECLARED_SELECTOR = YES;
				GCC_WARN_UNINITIALIZED_AUTOS = YES_AGGRESSIVE;
				GCC_WARN_UNUSED_FUNCTION = YES;
				GCC_WARN_UNUSED_VARIABLE = YES;
				MACOSX_DEPLOYMENT_TARGET = 10.14;
				MTL_ENABLE_DEBUG_INFO = NO;
				MTL_FAST_MATH = YES;
				SDKROOT = macosx;
				SWIFT_COMPILATION_MODE = wholemodule;
				SWIFT_OPTIMIZATION_LEVEL = "-O";
			};
			name = Release;
		};
		828628062341797A005CCF7E /* Debug */ = {
			isa = XCBuildConfiguration;
			buildSettings = {
				CODE_SIGN_STYLE = Automatic;
				PRODUCT_NAME = "$(TARGET_NAME)";
				SWIFT_VERSION = 5.0;
			};
			name = Debug;
		};
		828628072341797A005CCF7E /* Release */ = {
			isa = XCBuildConfiguration;
			buildSettings = {
				CODE_SIGN_STYLE = Automatic;
				PRODUCT_NAME = "$(TARGET_NAME)";
				SWIFT_VERSION = 5.0;
			};
			name = Release;
		};
/* End XCBuildConfiguration section */

/* Begin XCConfigurationList section */
		828627F92341797A005CCF7E /* Build configuration list for PBXProject "LeetCodeComment" */ = {
			isa = XCConfigurationList;
			buildConfigurations = (
				828628032341797A005CCF7E /* Debug */,
				828628042341797A005CCF7E /* Release */,
			);
			defaultConfigurationIsVisible = 0;
			defaultConfigurationName = Release;
		};
		828628052341797A005CCF7E /* Build configuration list for PBXNativeTarget "LeetCodeComment" */ = {
			isa = XCConfigurationList;
			buildConfigurations = (
				828628062341797A005CCF7E /* Debug */,
				828628072341797A005CCF7E /* Release */,
			);
			defaultConfigurationIsVisible = 0;
			defaultConfigurationName = Release;
		};
/* End XCConfigurationList section */
	};
	rootObject = 828627F62341797A005CCF7E /* Project object */;
}
